// !$*UTF8*$!
{
	archiveVersion = 1;
	classes = {
	};
	objectVersion = 50;
	objects = {

/* Begin PBXBuildFile section */
		9D0309D3279329CD0034526D /* WidgetKit.framework in Frameworks */ = {isa = PBXBuildFile; fileRef = 9D0309D2279329CD0034526D /* WidgetKit.framework */; };
		9D0309D5279329CD0034526D /* SwiftUI.framework in Frameworks */ = {isa = PBXBuildFile; fileRef = 9D0309D4279329CD0034526D /* SwiftUI.framework */; };
		9D0309D8279329CD0034526D /* IntakeWidget.swift in Sources */ = {isa = PBXBuildFile; fileRef = 9D0309D7279329CD0034526D /* IntakeWidget.swift */; };
		9D0309DA279329D00034526D /* Assets.xcassets in Resources */ = {isa = PBXBuildFile; fileRef = 9D0309D9279329D00034526D /* Assets.xcassets */; };
		9D0309DE279329D00034526D /* IntakeWidgetExtension.appex in Embed App Extensions */ = {isa = PBXBuildFile; fileRef = 9D0309D1279329CD0034526D /* IntakeWidgetExtension.appex */; settings = {ATTRIBUTES = (RemoveHeadersOnCopy, ); }; };
		9D0309E4279329EA0034526D /* Provider.swift in Sources */ = {isa = PBXBuildFile; fileRef = 9D0309E3279329EA0034526D /* Provider.swift */; };
		9D0309E627932A070034526D /* SimpleEntry.swift in Sources */ = {isa = PBXBuildFile; fileRef = 9D0309E527932A070034526D /* SimpleEntry.swift */; };
		9D0309E827932A280034526D /* WidgetView.swift in Sources */ = {isa = PBXBuildFile; fileRef = 9D0309E727932A280034526D /* WidgetView.swift */; };
		9D0309EC279334700034526D /* Constants.swift in Sources */ = {isa = PBXBuildFile; fileRef = 9D48B3A926E6603300FEFE49 /* Constants.swift */; };
		9D0309EE279334A20034526D /* DrinkData.swift in Sources */ = {isa = PBXBuildFile; fileRef = 9D1C3BB526E8012600D03771 /* DrinkData.swift */; };
		9D0309EF279334A40034526D /* Drink.swift in Sources */ = {isa = PBXBuildFile; fileRef = 9DA8D6E726E7BBC500FEEC6C /* Drink.swift */; };
		9D0309F02793381A0034526D /* CodableColor.swift in Sources */ = {isa = PBXBuildFile; fileRef = 9D395165270A0CFF009E7F40 /* CodableColor.swift */; };
		9D1C3BB626E8012600D03771 /* DrinkData.swift in Sources */ = {isa = PBXBuildFile; fileRef = 9D1C3BB526E8012600D03771 /* DrinkData.swift */; };
		9D1E701626EC0B6B00080B50 /* IntakeSingleDrinkBreakup.swift in Sources */ = {isa = PBXBuildFile; fileRef = 9D1E701526EC0B6B00080B50 /* IntakeSingleDrinkBreakup.swift */; };
		9D2017522793663D008257FA /* IntakeCircularProgressBarHighlight.swift in Sources */ = {isa = PBXBuildFile; fileRef = 9D48B3AD26E667FE00FEFE49 /* IntakeCircularProgressBarHighlight.swift */; };
		9D201756279374FD008257FA /* DrinkModel.swift in Sources */ = {isa = PBXBuildFile; fileRef = 9DA8D6EC26E7BCDF00FEEC6C /* DrinkModel.swift */; };
		9D20175727937CD7008257FA /* HealthStore.swift in Sources */ = {isa = PBXBuildFile; fileRef = 9D935BEC26ED0B1500CA9C31 /* HealthStore.swift */; };
		9D215F0327108124000F9BED /* SettingsEditCustomTypeView.swift in Sources */ = {isa = PBXBuildFile; fileRef = 9D215F0227108124000F9BED /* SettingsEditCustomTypeView.swift */; };
		9D25E57726EAAEAF00A9CDC8 /* IntakeWeekDataPicker.swift in Sources */ = {isa = PBXBuildFile; fileRef = 9D25E57626EAAEAF00A9CDC8 /* IntakeWeekDataPicker.swift */; };
		9D263EA0279CBA260084FE2E /* Intents.framework in Frameworks */ = {isa = PBXBuildFile; fileRef = 9D1A0DD8279B808400BB8548 /* Intents.framework */; };
		9D263EA3279CBA260084FE2E /* IntentHandler.swift in Sources */ = {isa = PBXBuildFile; fileRef = 9D263EA2279CBA260084FE2E /* IntentHandler.swift */; };
		9D263EB7279CBA260084FE2E /* ViewIntakeIntent.appex in Embed App Extensions */ = {isa = PBXBuildFile; fileRef = 9D263E9F279CBA260084FE2E /* ViewIntakeIntent.appex */; settings = {ATTRIBUTES = (RemoveHeadersOnCopy, ); }; };
		9D263EBE279CBA700084FE2E /* Constants.swift in Sources */ = {isa = PBXBuildFile; fileRef = 9D48B3A926E6603300FEFE49 /* Constants.swift */; };
		9D263EC0279CBA730084FE2E /* HealthStore.swift in Sources */ = {isa = PBXBuildFile; fileRef = 9D935BEC26ED0B1500CA9C31 /* HealthStore.swift */; };
		9D263EC2279CBA760084FE2E /* CodableColor.swift in Sources */ = {isa = PBXBuildFile; fileRef = 9D395165270A0CFF009E7F40 /* CodableColor.swift */; };
		9D263EC4279CBA7B0084FE2E /* DrinkData.swift in Sources */ = {isa = PBXBuildFile; fileRef = 9D1C3BB526E8012600D03771 /* DrinkData.swift */; };
		9D263EC6279CBA7E0084FE2E /* Drink.swift in Sources */ = {isa = PBXBuildFile; fileRef = 9DA8D6E726E7BBC500FEEC6C /* Drink.swift */; };
		9D263EC8279CBA900084FE2E /* ViewIntake.intentdefinition in Sources */ = {isa = PBXBuildFile; fileRef = 9D4B983A279783AE0068A486 /* ViewIntake.intentdefinition */; };
		9D263ECD279CBB4E0084FE2E /* IntentLogic.swift in Sources */ = {isa = PBXBuildFile; fileRef = 9D263ECC279CBB4E0084FE2E /* IntentLogic.swift */; };
		9D263ECF279CBB8E0084FE2E /* ProviderLogic.swift in Sources */ = {isa = PBXBuildFile; fileRef = 9DC4CCFC2795E9A200908E10 /* ProviderLogic.swift */; };
		9D27485426FA696F00F016D8 /* WeekLogView.swift in Sources */ = {isa = PBXBuildFile; fileRef = 9D27485326FA696F00F016D8 /* WeekLogView.swift */; };
		9D27485626FA6A9800F016D8 /* DayLogView.swift in Sources */ = {isa = PBXBuildFile; fileRef = 9D27485526FA6A9800F016D8 /* DayLogView.swift */; };
		9D2AFF1226ECF83300A9C8EC /* SettingsUnitsView.swift in Sources */ = {isa = PBXBuildFile; fileRef = 9D2AFF1126ECF83300A9C8EC /* SettingsUnitsView.swift */; };
		9D395164270A038A009E7F40 /* SettingsDrinkTypeView.swift in Sources */ = {isa = PBXBuildFile; fileRef = 9D395163270A038A009E7F40 /* SettingsDrinkTypeView.swift */; };
		9D395166270A0CFF009E7F40 /* CodableColor.swift in Sources */ = {isa = PBXBuildFile; fileRef = 9D395165270A0CFF009E7F40 /* CodableColor.swift */; };
		9D46BBE02714B0BE00DB9149 /* OnboardingWelcomeView.swift in Sources */ = {isa = PBXBuildFile; fileRef = 9D46BBDF2714B0BE00DB9149 /* OnboardingWelcomeView.swift */; };
		9D46BBE22714B9F100DB9149 /* OnboardingUnitsView.swift in Sources */ = {isa = PBXBuildFile; fileRef = 9D46BBE12714B9F100DB9149 /* OnboardingUnitsView.swift */; };
		9D46BBE42714C1C500DB9149 /* OnboardingDailyGoalView.swift in Sources */ = {isa = PBXBuildFile; fileRef = 9D46BBE32714C1C500DB9149 /* OnboardingDailyGoalView.swift */; };
		9D46BBE62714C58300DB9149 /* DailyIntakeInfoView.swift in Sources */ = {isa = PBXBuildFile; fileRef = 9D46BBE52714C58300DB9149 /* DailyIntakeInfoView.swift */; };
		9D46BBE82714CAE700DB9149 /* OnboardingDefaultDrinksView.swift in Sources */ = {isa = PBXBuildFile; fileRef = 9D46BBE72714CAE700DB9149 /* OnboardingDefaultDrinksView.swift */; };
		9D46BBEA2714D1D300DB9149 /* OnboardingToggleDrinksView.swift in Sources */ = {isa = PBXBuildFile; fileRef = 9D46BBE92714D1D300DB9149 /* OnboardingToggleDrinksView.swift */; };
		9D46BBEC2714D2FE00DB9149 /* OnboardingCustomDrinksView.swift in Sources */ = {isa = PBXBuildFile; fileRef = 9D46BBEB2714D2FE00DB9149 /* OnboardingCustomDrinksView.swift */; };
		9D46BBEE2714D50A00DB9149 /* CustomDrinkTypeView.swift in Sources */ = {isa = PBXBuildFile; fileRef = 9D46BBED2714D50A00DB9149 /* CustomDrinkTypeView.swift */; };
		9D46BBF02714D88200DB9149 /* OnboardingAppleHealthView.swift in Sources */ = {isa = PBXBuildFile; fileRef = 9D46BBEF2714D88200DB9149 /* OnboardingAppleHealthView.swift */; };
		9D46BBF22714DDDE00DB9149 /* LaunchView.swift in Sources */ = {isa = PBXBuildFile; fileRef = 9D46BBF12714DDDE00DB9149 /* LaunchView.swift */; };
		9D48B39B26E65E2C00FEFE49 /* Liquidus_App.swift in Sources */ = {isa = PBXBuildFile; fileRef = 9D48B39A26E65E2C00FEFE49 /* Liquidus_App.swift */; };
		9D48B39D26E65E2C00FEFE49 /* IntakeView.swift in Sources */ = {isa = PBXBuildFile; fileRef = 9D48B39C26E65E2C00FEFE49 /* IntakeView.swift */; };
		9D48B39F26E65E2F00FEFE49 /* Assets.xcassets in Resources */ = {isa = PBXBuildFile; fileRef = 9D48B39E26E65E2F00FEFE49 /* Assets.xcassets */; };
		9D48B3A226E65E2F00FEFE49 /* Preview Assets.xcassets in Resources */ = {isa = PBXBuildFile; fileRef = 9D48B3A126E65E2F00FEFE49 /* Preview Assets.xcassets */; };
		9D48B3AA26E6603300FEFE49 /* Constants.swift in Sources */ = {isa = PBXBuildFile; fileRef = 9D48B3A926E6603300FEFE49 /* Constants.swift */; };
		9D48B3AC26E6635000FEFE49 /* IntakeCircularProgressBar.swift in Sources */ = {isa = PBXBuildFile; fileRef = 9D48B3AB26E6635000FEFE49 /* IntakeCircularProgressBar.swift */; };
		9D48B3AE26E667FE00FEFE49 /* IntakeCircularProgressBarHighlight.swift in Sources */ = {isa = PBXBuildFile; fileRef = 9D48B3AD26E667FE00FEFE49 /* IntakeCircularProgressBarHighlight.swift */; };
		9D48B3B226E6719100FEFE49 /* RectangleCard.swift in Sources */ = {isa = PBXBuildFile; fileRef = 9D48B3B126E6719100FEFE49 /* RectangleCard.swift */; };
		9D48B3B826E6752C00FEFE49 /* TabBar.swift in Sources */ = {isa = PBXBuildFile; fileRef = 9D48B3B726E6752C00FEFE49 /* TabBar.swift */; };
		9D48B3BC26E675A200FEFE49 /* SettingsView.swift in Sources */ = {isa = PBXBuildFile; fileRef = 9D48B3BB26E675A200FEFE49 /* SettingsView.swift */; };
		9D48B3BE26E68CD100FEFE49 /* SettingsDailyGoalView.swift in Sources */ = {isa = PBXBuildFile; fileRef = 9D48B3BD26E68CD100FEFE49 /* SettingsDailyGoalView.swift */; };
		9D48B3C226E69F7A00FEFE49 /* LogDrinkView.swift in Sources */ = {isa = PBXBuildFile; fileRef = 9D48B3C126E69F7A00FEFE49 /* LogDrinkView.swift */; };
		9D4B983B279783AE0068A486 /* ViewIntake.intentdefinition in Sources */ = {isa = PBXBuildFile; fileRef = 9D4B983A279783AE0068A486 /* ViewIntake.intentdefinition */; };
		9D4B983C279783AE0068A486 /* ViewIntake.intentdefinition in Sources */ = {isa = PBXBuildFile; fileRef = 9D4B983A279783AE0068A486 /* ViewIntake.intentdefinition */; };
		9D7696C32710C51000B6D68C /* SettingsEditDefaultTypeView.swift in Sources */ = {isa = PBXBuildFile; fileRef = 9D7696C22710C51000B6D68C /* SettingsEditDefaultTypeView.swift */; };
		9D80A7D327934A3800FDD10B /* MediumWidgetView.swift in Sources */ = {isa = PBXBuildFile; fileRef = 9D80A7D227934A3800FDD10B /* MediumWidgetView.swift */; };
		9D80A7D527934A4D00FDD10B /* LargeWidgetView.swift in Sources */ = {isa = PBXBuildFile; fileRef = 9D80A7D427934A4D00FDD10B /* LargeWidgetView.swift */; };
		9D8E8774278F7E520051D808 /* SettingsAboutView.swift in Sources */ = {isa = PBXBuildFile; fileRef = 9D8E8773278F7E510051D808 /* SettingsAboutView.swift */; };
		9D935BED26ED0B1500CA9C31 /* HealthStore.swift in Sources */ = {isa = PBXBuildFile; fileRef = 9D935BEC26ED0B1500CA9C31 /* HealthStore.swift */; };
		9D935BF126ED0E2400CA9C31 /* HealthKit.framework in Frameworks */ = {isa = PBXBuildFile; fileRef = 9D935BF026ED0E2400CA9C31 /* HealthKit.framework */; };
		9D9378F426F38E9A00B83926 /* IntakeMultiDrinkBreakup.swift in Sources */ = {isa = PBXBuildFile; fileRef = 9D9378F326F38E9A00B83926 /* IntakeMultiDrinkBreakup.swift */; };
		9D99981B26E7B09000A46E78 /* DataLogsView.swift in Sources */ = {isa = PBXBuildFile; fileRef = 9D99981A26E7B09000A46E78 /* DataLogsView.swift */; };
		9DA7B148270C9D8100C5C1A7 /* NewDrinkTypeView.swift in Sources */ = {isa = PBXBuildFile; fileRef = 9DA7B147270C9D8100C5C1A7 /* NewDrinkTypeView.swift */; };
		9DA8D6E226E7BA5000FEEC6C /* IntakeTimePickerView.swift in Sources */ = {isa = PBXBuildFile; fileRef = 9DA8D6E126E7BA5000FEEC6C /* IntakeTimePickerView.swift */; };
		9DA8D6E426E7BAE900FEEC6C /* IntakeDayDataPicker.swift in Sources */ = {isa = PBXBuildFile; fileRef = 9DA8D6E326E7BAE900FEEC6C /* IntakeDayDataPicker.swift */; };
		9DA8D6E826E7BBC500FEEC6C /* Drink.swift in Sources */ = {isa = PBXBuildFile; fileRef = 9DA8D6E726E7BBC500FEEC6C /* Drink.swift */; };
		9DA8D6ED26E7BCDF00FEEC6C /* DrinkModel.swift in Sources */ = {isa = PBXBuildFile; fileRef = 9DA8D6EC26E7BCDF00FEEC6C /* DrinkModel.swift */; };
		9DAA9F64270A4F50001496F5 /* SettingsDrinkColorPicker.swift in Sources */ = {isa = PBXBuildFile; fileRef = 9DAA9F63270A4F50001496F5 /* SettingsDrinkColorPicker.swift */; };
		9DC4CCFE2795EBCD00908E10 /* ProviderLogic.swift in Sources */ = {isa = PBXBuildFile; fileRef = 9DC4CCFC2795E9A200908E10 /* ProviderLogic.swift */; };
		9DD3F9E32778D32000809D1F /* CalendarView.swift in Sources */ = {isa = PBXBuildFile; fileRef = 9DD3F9E22778D32000809D1F /* CalendarView.swift */; };
/* End PBXBuildFile section */

/* Begin PBXContainerItemProxy section */
		9D0309DC279329D00034526D /* PBXContainerItemProxy */ = {
			isa = PBXContainerItemProxy;
			containerPortal = 9D48B38F26E65E2C00FEFE49 /* Project object */;
			proxyType = 1;
			remoteGlobalIDString = 9D0309D0279329CD0034526D;
			remoteInfo = IntakeWidgetExtension;
		};
		9D263EB5279CBA260084FE2E /* PBXContainerItemProxy */ = {
			isa = PBXContainerItemProxy;
			containerPortal = 9D48B38F26E65E2C00FEFE49 /* Project object */;
			proxyType = 1;
			remoteGlobalIDString = 9D263E9E279CBA260084FE2E;
			remoteInfo = ViewIntakeIntent;
		};
/* End PBXContainerItemProxy section */

/* Begin PBXCopyFilesBuildPhase section */
		9D0309DF279329D00034526D /* Embed App Extensions */ = {
			isa = PBXCopyFilesBuildPhase;
			buildActionMask = 2147483647;
			dstPath = "";
			dstSubfolderSpec = 13;
			files = (
				9D263EB7279CBA260084FE2E /* ViewIntakeIntent.appex in Embed App Extensions */,
				9D0309DE279329D00034526D /* IntakeWidgetExtension.appex in Embed App Extensions */,
			);
			name = "Embed App Extensions";
			runOnlyForDeploymentPostprocessing = 0;
		};
/* End PBXCopyFilesBuildPhase section */

/* Begin PBXFileReference section */
		9D0309D1279329CD0034526D /* IntakeWidgetExtension.appex */ = {isa = PBXFileReference; explicitFileType = "wrapper.app-extension"; includeInIndex = 0; path = IntakeWidgetExtension.appex; sourceTree = BUILT_PRODUCTS_DIR; };
		9D0309D2279329CD0034526D /* WidgetKit.framework */ = {isa = PBXFileReference; lastKnownFileType = wrapper.framework; name = WidgetKit.framework; path = System/Library/Frameworks/WidgetKit.framework; sourceTree = SDKROOT; };
		9D0309D4279329CD0034526D /* SwiftUI.framework */ = {isa = PBXFileReference; lastKnownFileType = wrapper.framework; name = SwiftUI.framework; path = System/Library/Frameworks/SwiftUI.framework; sourceTree = SDKROOT; };
		9D0309D7279329CD0034526D /* IntakeWidget.swift */ = {isa = PBXFileReference; lastKnownFileType = sourcecode.swift; path = IntakeWidget.swift; sourceTree = "<group>"; };
		9D0309D9279329D00034526D /* Assets.xcassets */ = {isa = PBXFileReference; lastKnownFileType = folder.assetcatalog; path = Assets.xcassets; sourceTree = "<group>"; };
		9D0309DB279329D00034526D /* Info.plist */ = {isa = PBXFileReference; lastKnownFileType = text.plist.xml; path = Info.plist; sourceTree = "<group>"; };
		9D0309E3279329EA0034526D /* Provider.swift */ = {isa = PBXFileReference; lastKnownFileType = sourcecode.swift; path = Provider.swift; sourceTree = "<group>"; };
		9D0309E527932A070034526D /* SimpleEntry.swift */ = {isa = PBXFileReference; lastKnownFileType = sourcecode.swift; path = SimpleEntry.swift; sourceTree = "<group>"; };
		9D0309E727932A280034526D /* WidgetView.swift */ = {isa = PBXFileReference; lastKnownFileType = sourcecode.swift; path = WidgetView.swift; sourceTree = "<group>"; };
		9D0309E927932BB00034526D /* IntakeWidgetExtension.entitlements */ = {isa = PBXFileReference; lastKnownFileType = text.plist.entitlements; path = IntakeWidgetExtension.entitlements; sourceTree = "<group>"; };
		9D0ACC5B279CA8A4005BEDE9 /* IntentsUI.framework */ = {isa = PBXFileReference; lastKnownFileType = wrapper.framework; name = IntentsUI.framework; path = System/Library/Frameworks/IntentsUI.framework; sourceTree = SDKROOT; };
		9D1A0DD8279B808400BB8548 /* Intents.framework */ = {isa = PBXFileReference; lastKnownFileType = wrapper.framework; name = Intents.framework; path = System/Library/Frameworks/Intents.framework; sourceTree = SDKROOT; };
		9D1C3BB526E8012600D03771 /* DrinkData.swift */ = {isa = PBXFileReference; lastKnownFileType = sourcecode.swift; path = DrinkData.swift; sourceTree = "<group>"; };
		9D1E701526EC0B6B00080B50 /* IntakeSingleDrinkBreakup.swift */ = {isa = PBXFileReference; lastKnownFileType = sourcecode.swift; path = IntakeSingleDrinkBreakup.swift; sourceTree = "<group>"; };
		9D215F0227108124000F9BED /* SettingsEditCustomTypeView.swift */ = {isa = PBXFileReference; fileEncoding = 4; lastKnownFileType = sourcecode.swift; path = SettingsEditCustomTypeView.swift; sourceTree = "<group>"; };
		9D25E57626EAAEAF00A9CDC8 /* IntakeWeekDataPicker.swift */ = {isa = PBXFileReference; fileEncoding = 4; lastKnownFileType = sourcecode.swift; path = IntakeWeekDataPicker.swift; sourceTree = "<group>"; };
		9D263E9F279CBA260084FE2E /* ViewIntakeIntent.appex */ = {isa = PBXFileReference; explicitFileType = "wrapper.app-extension"; includeInIndex = 0; path = ViewIntakeIntent.appex; sourceTree = BUILT_PRODUCTS_DIR; };
		9D263EA2279CBA260084FE2E /* IntentHandler.swift */ = {isa = PBXFileReference; lastKnownFileType = sourcecode.swift; path = IntentHandler.swift; sourceTree = "<group>"; };
		9D263EA4279CBA260084FE2E /* Info.plist */ = {isa = PBXFileReference; lastKnownFileType = text.plist.xml; path = Info.plist; sourceTree = "<group>"; };
		9D263ECA279CBA9B0084FE2E /* ViewIntakeIntent.entitlements */ = {isa = PBXFileReference; lastKnownFileType = text.plist.entitlements; path = ViewIntakeIntent.entitlements; sourceTree = "<group>"; };
		9D263ECC279CBB4E0084FE2E /* IntentLogic.swift */ = {isa = PBXFileReference; lastKnownFileType = sourcecode.swift; path = IntentLogic.swift; sourceTree = "<group>"; };
		9D27485326FA696F00F016D8 /* WeekLogView.swift */ = {isa = PBXFileReference; lastKnownFileType = sourcecode.swift; path = WeekLogView.swift; sourceTree = "<group>"; };
		9D27485526FA6A9800F016D8 /* DayLogView.swift */ = {isa = PBXFileReference; lastKnownFileType = sourcecode.swift; path = DayLogView.swift; sourceTree = "<group>"; };
		9D2AFF1126ECF83300A9C8EC /* SettingsUnitsView.swift */ = {isa = PBXFileReference; lastKnownFileType = sourcecode.swift; path = SettingsUnitsView.swift; sourceTree = "<group>"; };
		9D395163270A038A009E7F40 /* SettingsDrinkTypeView.swift */ = {isa = PBXFileReference; lastKnownFileType = sourcecode.swift; path = SettingsDrinkTypeView.swift; sourceTree = "<group>"; };
		9D395165270A0CFF009E7F40 /* CodableColor.swift */ = {isa = PBXFileReference; lastKnownFileType = sourcecode.swift; path = CodableColor.swift; sourceTree = "<group>"; };
		9D46BBDF2714B0BE00DB9149 /* OnboardingWelcomeView.swift */ = {isa = PBXFileReference; lastKnownFileType = sourcecode.swift; path = OnboardingWelcomeView.swift; sourceTree = "<group>"; };
		9D46BBE12714B9F100DB9149 /* OnboardingUnitsView.swift */ = {isa = PBXFileReference; lastKnownFileType = sourcecode.swift; path = OnboardingUnitsView.swift; sourceTree = "<group>"; };
		9D46BBE32714C1C500DB9149 /* OnboardingDailyGoalView.swift */ = {isa = PBXFileReference; lastKnownFileType = sourcecode.swift; path = OnboardingDailyGoalView.swift; sourceTree = "<group>"; };
		9D46BBE52714C58300DB9149 /* DailyIntakeInfoView.swift */ = {isa = PBXFileReference; lastKnownFileType = sourcecode.swift; path = DailyIntakeInfoView.swift; sourceTree = "<group>"; };
		9D46BBE72714CAE700DB9149 /* OnboardingDefaultDrinksView.swift */ = {isa = PBXFileReference; lastKnownFileType = sourcecode.swift; path = OnboardingDefaultDrinksView.swift; sourceTree = "<group>"; };
		9D46BBE92714D1D300DB9149 /* OnboardingToggleDrinksView.swift */ = {isa = PBXFileReference; lastKnownFileType = sourcecode.swift; path = OnboardingToggleDrinksView.swift; sourceTree = "<group>"; };
		9D46BBEB2714D2FE00DB9149 /* OnboardingCustomDrinksView.swift */ = {isa = PBXFileReference; lastKnownFileType = sourcecode.swift; path = OnboardingCustomDrinksView.swift; sourceTree = "<group>"; };
		9D46BBED2714D50A00DB9149 /* CustomDrinkTypeView.swift */ = {isa = PBXFileReference; lastKnownFileType = sourcecode.swift; path = CustomDrinkTypeView.swift; sourceTree = "<group>"; };
		9D46BBEF2714D88200DB9149 /* OnboardingAppleHealthView.swift */ = {isa = PBXFileReference; lastKnownFileType = sourcecode.swift; path = OnboardingAppleHealthView.swift; sourceTree = "<group>"; };
		9D46BBF12714DDDE00DB9149 /* LaunchView.swift */ = {isa = PBXFileReference; lastKnownFileType = sourcecode.swift; path = LaunchView.swift; sourceTree = "<group>"; };
		9D48B39726E65E2C00FEFE49 /* Liquidus.app */ = {isa = PBXFileReference; explicitFileType = wrapper.application; includeInIndex = 0; path = Liquidus.app; sourceTree = BUILT_PRODUCTS_DIR; };
		9D48B39A26E65E2C00FEFE49 /* Liquidus_App.swift */ = {isa = PBXFileReference; lastKnownFileType = sourcecode.swift; path = Liquidus_App.swift; sourceTree = "<group>"; };
		9D48B39C26E65E2C00FEFE49 /* IntakeView.swift */ = {isa = PBXFileReference; lastKnownFileType = sourcecode.swift; path = IntakeView.swift; sourceTree = "<group>"; };
		9D48B39E26E65E2F00FEFE49 /* Assets.xcassets */ = {isa = PBXFileReference; lastKnownFileType = folder.assetcatalog; path = Assets.xcassets; sourceTree = "<group>"; };
		9D48B3A126E65E2F00FEFE49 /* Preview Assets.xcassets */ = {isa = PBXFileReference; lastKnownFileType = folder.assetcatalog; path = "Preview Assets.xcassets"; sourceTree = "<group>"; };
		9D48B3A326E65E2F00FEFE49 /* Info.plist */ = {isa = PBXFileReference; lastKnownFileType = text.plist.xml; path = Info.plist; sourceTree = "<group>"; };
		9D48B3A926E6603300FEFE49 /* Constants.swift */ = {isa = PBXFileReference; lastKnownFileType = sourcecode.swift; path = Constants.swift; sourceTree = "<group>"; };
		9D48B3AB26E6635000FEFE49 /* IntakeCircularProgressBar.swift */ = {isa = PBXFileReference; lastKnownFileType = sourcecode.swift; path = IntakeCircularProgressBar.swift; sourceTree = "<group>"; };
		9D48B3AD26E667FE00FEFE49 /* IntakeCircularProgressBarHighlight.swift */ = {isa = PBXFileReference; lastKnownFileType = sourcecode.swift; path = IntakeCircularProgressBarHighlight.swift; sourceTree = "<group>"; };
		9D48B3B126E6719100FEFE49 /* RectangleCard.swift */ = {isa = PBXFileReference; lastKnownFileType = sourcecode.swift; path = RectangleCard.swift; sourceTree = "<group>"; };
		9D48B3B726E6752C00FEFE49 /* TabBar.swift */ = {isa = PBXFileReference; lastKnownFileType = sourcecode.swift; path = TabBar.swift; sourceTree = "<group>"; };
		9D48B3BB26E675A200FEFE49 /* SettingsView.swift */ = {isa = PBXFileReference; lastKnownFileType = sourcecode.swift; path = SettingsView.swift; sourceTree = "<group>"; };
		9D48B3BD26E68CD100FEFE49 /* SettingsDailyGoalView.swift */ = {isa = PBXFileReference; lastKnownFileType = sourcecode.swift; path = SettingsDailyGoalView.swift; sourceTree = "<group>"; };
		9D48B3C126E69F7A00FEFE49 /* LogDrinkView.swift */ = {isa = PBXFileReference; lastKnownFileType = sourcecode.swift; path = LogDrinkView.swift; sourceTree = "<group>"; };
		9D4B983A279783AE0068A486 /* ViewIntake.intentdefinition */ = {isa = PBXFileReference; lastKnownFileType = file.intentdefinition; path = ViewIntake.intentdefinition; sourceTree = "<group>"; };
		9D7696C22710C51000B6D68C /* SettingsEditDefaultTypeView.swift */ = {isa = PBXFileReference; lastKnownFileType = sourcecode.swift; path = SettingsEditDefaultTypeView.swift; sourceTree = "<group>"; };
		9D80A7D227934A3800FDD10B /* MediumWidgetView.swift */ = {isa = PBXFileReference; lastKnownFileType = sourcecode.swift; path = MediumWidgetView.swift; sourceTree = "<group>"; };
		9D80A7D427934A4D00FDD10B /* LargeWidgetView.swift */ = {isa = PBXFileReference; lastKnownFileType = sourcecode.swift; path = LargeWidgetView.swift; sourceTree = "<group>"; };
		9D8E8773278F7E510051D808 /* SettingsAboutView.swift */ = {isa = PBXFileReference; lastKnownFileType = sourcecode.swift; path = SettingsAboutView.swift; sourceTree = "<group>"; };
		9D935BEC26ED0B1500CA9C31 /* HealthStore.swift */ = {isa = PBXFileReference; lastKnownFileType = sourcecode.swift; path = HealthStore.swift; sourceTree = "<group>"; };
		9D935BEE26ED0E2400CA9C31 /* Liquidus.entitlements */ = {isa = PBXFileReference; lastKnownFileType = text.plist.entitlements; path = Liquidus.entitlements; sourceTree = "<group>"; };
		9D935BF026ED0E2400CA9C31 /* HealthKit.framework */ = {isa = PBXFileReference; lastKnownFileType = wrapper.framework; name = HealthKit.framework; path = System/Library/Frameworks/HealthKit.framework; sourceTree = SDKROOT; };
		9D9378F326F38E9A00B83926 /* IntakeMultiDrinkBreakup.swift */ = {isa = PBXFileReference; lastKnownFileType = sourcecode.swift; path = IntakeMultiDrinkBreakup.swift; sourceTree = "<group>"; };
		9D99981A26E7B09000A46E78 /* DataLogsView.swift */ = {isa = PBXFileReference; lastKnownFileType = sourcecode.swift; path = DataLogsView.swift; sourceTree = "<group>"; };
		9DA7B147270C9D8100C5C1A7 /* NewDrinkTypeView.swift */ = {isa = PBXFileReference; lastKnownFileType = sourcecode.swift; path = NewDrinkTypeView.swift; sourceTree = "<group>"; };
		9DA8D6E126E7BA5000FEEC6C /* IntakeTimePickerView.swift */ = {isa = PBXFileReference; lastKnownFileType = sourcecode.swift; path = IntakeTimePickerView.swift; sourceTree = "<group>"; };
		9DA8D6E326E7BAE900FEEC6C /* IntakeDayDataPicker.swift */ = {isa = PBXFileReference; lastKnownFileType = sourcecode.swift; path = IntakeDayDataPicker.swift; sourceTree = "<group>"; };
		9DA8D6E726E7BBC500FEEC6C /* Drink.swift */ = {isa = PBXFileReference; lastKnownFileType = sourcecode.swift; path = Drink.swift; sourceTree = "<group>"; };
		9DA8D6EC26E7BCDF00FEEC6C /* DrinkModel.swift */ = {isa = PBXFileReference; lastKnownFileType = sourcecode.swift; path = DrinkModel.swift; sourceTree = "<group>"; };
		9DAA9F63270A4F50001496F5 /* SettingsDrinkColorPicker.swift */ = {isa = PBXFileReference; lastKnownFileType = sourcecode.swift; path = SettingsDrinkColorPicker.swift; sourceTree = "<group>"; };
		9DC4CCFC2795E9A200908E10 /* ProviderLogic.swift */ = {isa = PBXFileReference; lastKnownFileType = sourcecode.swift; path = ProviderLogic.swift; sourceTree = "<group>"; };
		9DD3F9E22778D32000809D1F /* CalendarView.swift */ = {isa = PBXFileReference; lastKnownFileType = sourcecode.swift; path = CalendarView.swift; sourceTree = "<group>"; };
/* End PBXFileReference section */

/* Begin PBXFrameworksBuildPhase section */
		9D0309CE279329CD0034526D /* Frameworks */ = {
			isa = PBXFrameworksBuildPhase;
			buildActionMask = 2147483647;
			files = (
				9D0309D5279329CD0034526D /* SwiftUI.framework in Frameworks */,
				9D0309D3279329CD0034526D /* WidgetKit.framework in Frameworks */,
			);
			runOnlyForDeploymentPostprocessing = 0;
		};
		9D263E9C279CBA260084FE2E /* Frameworks */ = {
			isa = PBXFrameworksBuildPhase;
			buildActionMask = 2147483647;
			files = (
				9D263EA0279CBA260084FE2E /* Intents.framework in Frameworks */,
			);
			runOnlyForDeploymentPostprocessing = 0;
		};
		9D48B39426E65E2C00FEFE49 /* Frameworks */ = {
			isa = PBXFrameworksBuildPhase;
			buildActionMask = 2147483647;
			files = (
				9D935BF126ED0E2400CA9C31 /* HealthKit.framework in Frameworks */,
			);
			runOnlyForDeploymentPostprocessing = 0;
		};
/* End PBXFrameworksBuildPhase section */

/* Begin PBXGroup section */
		9D0309D6279329CD0034526D /* IntakeWidget */ = {
			isa = PBXGroup;
			children = (
				9D0309D7279329CD0034526D /* IntakeWidget.swift */,
				9D0309ED279334780034526D /* Views */,
				9D0309E527932A070034526D /* SimpleEntry.swift */,
				9D0309E3279329EA0034526D /* Provider.swift */,
				9DC4CCFC2795E9A200908E10 /* ProviderLogic.swift */,
				9D0309D9279329D00034526D /* Assets.xcassets */,
				9D0309DB279329D00034526D /* Info.plist */,
			);
			path = IntakeWidget;
			sourceTree = "<group>";
		};
		9D0309ED279334780034526D /* Views */ = {
			isa = PBXGroup;
			children = (
				9D0309E727932A280034526D /* WidgetView.swift */,
				9D80A7D227934A3800FDD10B /* MediumWidgetView.swift */,
				9D80A7D427934A4D00FDD10B /* LargeWidgetView.swift */,
			);
			path = Views;
			sourceTree = "<group>";
		};
		9D263EA1279CBA260084FE2E /* ViewIntakeIntent */ = {
			isa = PBXGroup;
			children = (
				9D263ECA279CBA9B0084FE2E /* ViewIntakeIntent.entitlements */,
				9D263EA2279CBA260084FE2E /* IntentHandler.swift */,
				9D263ECC279CBB4E0084FE2E /* IntentLogic.swift */,
				9D263EA4279CBA260084FE2E /* Info.plist */,
			);
			path = ViewIntakeIntent;
			sourceTree = "<group>";
		};
		9D48B38E26E65E2C00FEFE49 = {
			isa = PBXGroup;
			children = (
				9D0309E927932BB00034526D /* IntakeWidgetExtension.entitlements */,
				9D4B983A279783AE0068A486 /* ViewIntake.intentdefinition */,
				9D48B39926E65E2C00FEFE49 /* Liquidus */,
				9D0309D6279329CD0034526D /* IntakeWidget */,
				9D263EA1279CBA260084FE2E /* ViewIntakeIntent */,
				9D48B39826E65E2C00FEFE49 /* Products */,
				9D935BEF26ED0E2400CA9C31 /* Frameworks */,
			);
			sourceTree = "<group>";
		};
		9D48B39826E65E2C00FEFE49 /* Products */ = {
			isa = PBXGroup;
			children = (
				9D48B39726E65E2C00FEFE49 /* Liquidus.app */,
				9D0309D1279329CD0034526D /* IntakeWidgetExtension.appex */,
				9D263E9F279CBA260084FE2E /* ViewIntakeIntent.appex */,
			);
			name = Products;
			sourceTree = "<group>";
		};
		9D48B39926E65E2C00FEFE49 /* Liquidus */ = {
			isa = PBXGroup;
			children = (
				9D935BEE26ED0E2400CA9C31 /* Liquidus.entitlements */,
				9D48B39A26E65E2C00FEFE49 /* Liquidus_App.swift */,
				9DA8D6E526E7BB8700FEEC6C /* Views */,
				9DA8D6E926E7BC6100FEEC6C /* ViewModel */,
				9DA8D6E626E7BBB900FEEC6C /* Models */,
				9D48B3B326E671CD00FEFE49 /* Helpers */,
				9D48B39E26E65E2F00FEFE49 /* Assets.xcassets */,
				9D48B3A326E65E2F00FEFE49 /* Info.plist */,
				9D48B3A026E65E2F00FEFE49 /* Preview Content */,
			);
			path = Liquidus;
			sourceTree = "<group>";
		};
		9D48B3A026E65E2F00FEFE49 /* Preview Content */ = {
			isa = PBXGroup;
			children = (
				9D48B3A126E65E2F00FEFE49 /* Preview Assets.xcassets */,
			);
			path = "Preview Content";
			sourceTree = "<group>";
		};
		9D48B3B326E671CD00FEFE49 /* Helpers */ = {
			isa = PBXGroup;
			children = (
				9D48B3A926E6603300FEFE49 /* Constants.swift */,
				9D935BEC26ED0B1500CA9C31 /* HealthStore.swift */,
				9D395165270A0CFF009E7F40 /* CodableColor.swift */,
			);
			path = Helpers;
			sourceTree = "<group>";
		};
		9D48B3B426E671DB00FEFE49 /* Common */ = {
			isa = PBXGroup;
			children = (
				9D48B3B126E6719100FEFE49 /* RectangleCard.swift */,
				9D46BBE52714C58300DB9149 /* DailyIntakeInfoView.swift */,
				9D46BBED2714D50A00DB9149 /* CustomDrinkTypeView.swift */,
				9D48B3C126E69F7A00FEFE49 /* LogDrinkView.swift */,
				9DD3F9E22778D32000809D1F /* CalendarView.swift */,
				9DA7B147270C9D8100C5C1A7 /* NewDrinkTypeView.swift */,
			);
			path = Common;
			sourceTree = "<group>";
		};
		9D48B3B926E6758C00FEFE49 /* Intake View */ = {
			isa = PBXGroup;
			children = (
				9D48B39C26E65E2C00FEFE49 /* IntakeView.swift */,
				9DA8D6E126E7BA5000FEEC6C /* IntakeTimePickerView.swift */,
				9DA8D6E326E7BAE900FEEC6C /* IntakeDayDataPicker.swift */,
				9D25E57626EAAEAF00A9CDC8 /* IntakeWeekDataPicker.swift */,
				9D48B3AB26E6635000FEFE49 /* IntakeCircularProgressBar.swift */,
				9D48B3AD26E667FE00FEFE49 /* IntakeCircularProgressBarHighlight.swift */,
				9D9378F326F38E9A00B83926 /* IntakeMultiDrinkBreakup.swift */,
				9D1E701526EC0B6B00080B50 /* IntakeSingleDrinkBreakup.swift */,
			);
			path = "Intake View";
			sourceTree = "<group>";
		};
		9D48B3BA26E6759500FEFE49 /* Settings View */ = {
			isa = PBXGroup;
			children = (
				9D48B3BB26E675A200FEFE49 /* SettingsView.swift */,
				9D48B3BD26E68CD100FEFE49 /* SettingsDailyGoalView.swift */,
				9D2AFF1126ECF83300A9C8EC /* SettingsUnitsView.swift */,
				9D395163270A038A009E7F40 /* SettingsDrinkTypeView.swift */,
				9DAA9F63270A4F50001496F5 /* SettingsDrinkColorPicker.swift */,
				9D215F0227108124000F9BED /* SettingsEditCustomTypeView.swift */,
				9D7696C22710C51000B6D68C /* SettingsEditDefaultTypeView.swift */,
				9D8E8773278F7E510051D808 /* SettingsAboutView.swift */,
			);
			path = "Settings View";
			sourceTree = "<group>";
		};
		9D4DF5F527138BA10063A6AE /* Tabs */ = {
			isa = PBXGroup;
			children = (
				9D48B3B726E6752C00FEFE49 /* TabBar.swift */,
			);
			path = Tabs;
			sourceTree = "<group>";
		};
		9D4DF5F627138BBA0063A6AE /* Onboarding */ = {
			isa = PBXGroup;
			children = (
				9D46BBDF2714B0BE00DB9149 /* OnboardingWelcomeView.swift */,
				9D46BBE12714B9F100DB9149 /* OnboardingUnitsView.swift */,
				9D46BBE32714C1C500DB9149 /* OnboardingDailyGoalView.swift */,
				9D46BBE72714CAE700DB9149 /* OnboardingDefaultDrinksView.swift */,
				9D46BBE92714D1D300DB9149 /* OnboardingToggleDrinksView.swift */,
				9D46BBEB2714D2FE00DB9149 /* OnboardingCustomDrinksView.swift */,
				9D46BBEF2714D88200DB9149 /* OnboardingAppleHealthView.swift */,
			);
			path = Onboarding;
			sourceTree = "<group>";
		};
		9D935BEF26ED0E2400CA9C31 /* Frameworks */ = {
			isa = PBXGroup;
			children = (
				9D935BF026ED0E2400CA9C31 /* HealthKit.framework */,
				9D0309D2279329CD0034526D /* WidgetKit.framework */,
				9D0309D4279329CD0034526D /* SwiftUI.framework */,
				9D1A0DD8279B808400BB8548 /* Intents.framework */,
				9D0ACC5B279CA8A4005BEDE9 /* IntentsUI.framework */,
			);
			name = Frameworks;
			sourceTree = "<group>";
		};
		9D99981926E7B07D00A46E78 /* Data Logs View */ = {
			isa = PBXGroup;
			children = (
				9D99981A26E7B09000A46E78 /* DataLogsView.swift */,
				9D27485326FA696F00F016D8 /* WeekLogView.swift */,
				9D27485526FA6A9800F016D8 /* DayLogView.swift */,
			);
			path = "Data Logs View";
			sourceTree = "<group>";
		};
		9DA8D6E526E7BB8700FEEC6C /* Views */ = {
			isa = PBXGroup;
			children = (
				9D46BBF12714DDDE00DB9149 /* LaunchView.swift */,
				9D4DF5F627138BBA0063A6AE /* Onboarding */,
				9D4DF5F527138BA10063A6AE /* Tabs */,
				9D48B3B926E6758C00FEFE49 /* Intake View */,
				9D99981926E7B07D00A46E78 /* Data Logs View */,
				9D48B3BA26E6759500FEFE49 /* Settings View */,
				9D48B3B426E671DB00FEFE49 /* Common */,
			);
			path = Views;
			sourceTree = "<group>";
		};
		9DA8D6E626E7BBB900FEEC6C /* Models */ = {
			isa = PBXGroup;
			children = (
				9DA8D6E726E7BBC500FEEC6C /* Drink.swift */,
				9D1C3BB526E8012600D03771 /* DrinkData.swift */,
			);
			path = Models;
			sourceTree = "<group>";
		};
		9DA8D6E926E7BC6100FEEC6C /* ViewModel */ = {
			isa = PBXGroup;
			children = (
				9DA8D6EC26E7BCDF00FEEC6C /* DrinkModel.swift */,
			);
			path = ViewModel;
			sourceTree = "<group>";
		};
/* End PBXGroup section */

/* Begin PBXNativeTarget section */
		9D0309D0279329CD0034526D /* IntakeWidgetExtension */ = {
			isa = PBXNativeTarget;
			buildConfigurationList = 9D0309E2279329D00034526D /* Build configuration list for PBXNativeTarget "IntakeWidgetExtension" */;
			buildPhases = (
				9D0309CD279329CD0034526D /* Sources */,
				9D0309CE279329CD0034526D /* Frameworks */,
				9D0309CF279329CD0034526D /* Resources */,
			);
			buildRules = (
			);
			dependencies = (
			);
			name = IntakeWidgetExtension;
			productName = IntakeWidgetExtension;
			productReference = 9D0309D1279329CD0034526D /* IntakeWidgetExtension.appex */;
			productType = "com.apple.product-type.app-extension";
		};
		9D263E9E279CBA260084FE2E /* ViewIntakeIntent */ = {
			isa = PBXNativeTarget;
			buildConfigurationList = 9D263EBD279CBA260084FE2E /* Build configuration list for PBXNativeTarget "ViewIntakeIntent" */;
			buildPhases = (
				9D263E9B279CBA260084FE2E /* Sources */,
				9D263E9C279CBA260084FE2E /* Frameworks */,
				9D263E9D279CBA260084FE2E /* Resources */,
			);
			buildRules = (
			);
			dependencies = (
			);
			name = ViewIntakeIntent;
			productName = ViewIntakeIntent;
			productReference = 9D263E9F279CBA260084FE2E /* ViewIntakeIntent.appex */;
			productType = "com.apple.product-type.app-extension";
		};
		9D48B39626E65E2C00FEFE49 /* Liquidus */ = {
			isa = PBXNativeTarget;
			buildConfigurationList = 9D48B3A626E65E2F00FEFE49 /* Build configuration list for PBXNativeTarget "Liquidus" */;
			buildPhases = (
				9D48B39326E65E2C00FEFE49 /* Sources */,
				9D48B39426E65E2C00FEFE49 /* Frameworks */,
				9D48B39526E65E2C00FEFE49 /* Resources */,
				9D0309DF279329D00034526D /* Embed App Extensions */,
			);
			buildRules = (
			);
			dependencies = (
				9D0309DD279329D00034526D /* PBXTargetDependency */,
				9D263EB6279CBA260084FE2E /* PBXTargetDependency */,
			);
			name = Liquidus;
			productName = "Hydration App";
			productReference = 9D48B39726E65E2C00FEFE49 /* Liquidus.app */;
			productType = "com.apple.product-type.application";
		};
/* End PBXNativeTarget section */

/* Begin PBXProject section */
		9D48B38F26E65E2C00FEFE49 /* Project object */ = {
			isa = PBXProject;
			attributes = {
				LastSwiftUpdateCheck = 1320;
				LastUpgradeCheck = 1250;
				TargetAttributes = {
					9D0309D0279329CD0034526D = {
						CreatedOnToolsVersion = 13.2.1;
					};
					9D263E9E279CBA260084FE2E = {
						CreatedOnToolsVersion = 13.2.1;
					};
					9D48B39626E65E2C00FEFE49 = {
						CreatedOnToolsVersion = 12.5.1;
					};
				};
			};
			buildConfigurationList = 9D48B39226E65E2C00FEFE49 /* Build configuration list for PBXProject "Liquidus" */;
			compatibilityVersion = "Xcode 9.3";
			developmentRegion = en;
			hasScannedForEncodings = 0;
			knownRegions = (
				en,
				Base,
			);
			mainGroup = 9D48B38E26E65E2C00FEFE49;
			productRefGroup = 9D48B39826E65E2C00FEFE49 /* Products */;
			projectDirPath = "";
			projectRoot = "";
			targets = (
				9D48B39626E65E2C00FEFE49 /* Liquidus */,
				9D0309D0279329CD0034526D /* IntakeWidgetExtension */,
				9D263E9E279CBA260084FE2E /* ViewIntakeIntent */,
			);
		};
/* End PBXProject section */

/* Begin PBXResourcesBuildPhase section */
		9D0309CF279329CD0034526D /* Resources */ = {
			isa = PBXResourcesBuildPhase;
			buildActionMask = 2147483647;
			files = (
				9D0309DA279329D00034526D /* Assets.xcassets in Resources */,
			);
			runOnlyForDeploymentPostprocessing = 0;
		};
		9D263E9D279CBA260084FE2E /* Resources */ = {
			isa = PBXResourcesBuildPhase;
			buildActionMask = 2147483647;
			files = (
			);
			runOnlyForDeploymentPostprocessing = 0;
		};
		9D48B39526E65E2C00FEFE49 /* Resources */ = {
			isa = PBXResourcesBuildPhase;
			buildActionMask = 2147483647;
			files = (
				9D48B3A226E65E2F00FEFE49 /* Preview Assets.xcassets in Resources */,
				9D48B39F26E65E2F00FEFE49 /* Assets.xcassets in Resources */,
			);
			runOnlyForDeploymentPostprocessing = 0;
		};
/* End PBXResourcesBuildPhase section */

/* Begin PBXSourcesBuildPhase section */
		9D0309CD279329CD0034526D /* Sources */ = {
			isa = PBXSourcesBuildPhase;
			buildActionMask = 2147483647;
			files = (
				9D80A7D327934A3800FDD10B /* MediumWidgetView.swift in Sources */,
				9D0309EC279334700034526D /* Constants.swift in Sources */,
				9D0309E627932A070034526D /* SimpleEntry.swift in Sources */,
				9D0309EE279334A20034526D /* DrinkData.swift in Sources */,
				9D80A7D527934A4D00FDD10B /* LargeWidgetView.swift in Sources */,
				9D4B983C279783AE0068A486 /* ViewIntake.intentdefinition in Sources */,
				9D0309E4279329EA0034526D /* Provider.swift in Sources */,
				9DC4CCFE2795EBCD00908E10 /* ProviderLogic.swift in Sources */,
				9D0309E827932A280034526D /* WidgetView.swift in Sources */,
				9D20175727937CD7008257FA /* HealthStore.swift in Sources */,
				9D0309EF279334A40034526D /* Drink.swift in Sources */,
				9D201756279374FD008257FA /* DrinkModel.swift in Sources */,
				9D0309F02793381A0034526D /* CodableColor.swift in Sources */,
				9D2017522793663D008257FA /* IntakeCircularProgressBarHighlight.swift in Sources */,
				9D0309D8279329CD0034526D /* IntakeWidget.swift in Sources */,
			);
			runOnlyForDeploymentPostprocessing = 0;
		};
		9D263E9B279CBA260084FE2E /* Sources */ = {
			isa = PBXSourcesBuildPhase;
			buildActionMask = 2147483647;
			files = (
				9D263EA3279CBA260084FE2E /* IntentHandler.swift in Sources */,
				9D263EC8279CBA900084FE2E /* ViewIntake.intentdefinition in Sources */,
				9D263EC4279CBA7B0084FE2E /* DrinkData.swift in Sources */,
				9D263ECF279CBB8E0084FE2E /* ProviderLogic.swift in Sources */,
				9D263EC0279CBA730084FE2E /* HealthStore.swift in Sources */,
				9D263ECD279CBB4E0084FE2E /* IntentLogic.swift in Sources */,
				9D263EC2279CBA760084FE2E /* CodableColor.swift in Sources */,
				9D263EC6279CBA7E0084FE2E /* Drink.swift in Sources */,
				9D263EBE279CBA700084FE2E /* Constants.swift in Sources */,
			);
			runOnlyForDeploymentPostprocessing = 0;
		};
		9D48B39326E65E2C00FEFE49 /* Sources */ = {
			isa = PBXSourcesBuildPhase;
			buildActionMask = 2147483647;
			files = (
				9D46BBE82714CAE700DB9149 /* OnboardingDefaultDrinksView.swift in Sources */,
				9D46BBF22714DDDE00DB9149 /* LaunchView.swift in Sources */,
				9D46BBF02714D88200DB9149 /* OnboardingAppleHealthView.swift in Sources */,
				9D48B39D26E65E2C00FEFE49 /* IntakeView.swift in Sources */,
				9DA8D6E226E7BA5000FEEC6C /* IntakeTimePickerView.swift in Sources */,
				9D9378F426F38E9A00B83926 /* IntakeMultiDrinkBreakup.swift in Sources */,
				9D48B3C226E69F7A00FEFE49 /* LogDrinkView.swift in Sources */,
				9D27485626FA6A9800F016D8 /* DayLogView.swift in Sources */,
				9DD3F9E32778D32000809D1F /* CalendarView.swift in Sources */,
				9D46BBE22714B9F100DB9149 /* OnboardingUnitsView.swift in Sources */,
				9DAA9F64270A4F50001496F5 /* SettingsDrinkColorPicker.swift in Sources */,
				9D8E8774278F7E520051D808 /* SettingsAboutView.swift in Sources */,
				9D46BBEC2714D2FE00DB9149 /* OnboardingCustomDrinksView.swift in Sources */,
				9DA7B148270C9D8100C5C1A7 /* NewDrinkTypeView.swift in Sources */,
				9D48B39B26E65E2C00FEFE49 /* Liquidus_App.swift in Sources */,
				9D48B3AA26E6603300FEFE49 /* Constants.swift in Sources */,
				9D2AFF1226ECF83300A9C8EC /* SettingsUnitsView.swift in Sources */,
				9DA8D6E426E7BAE900FEEC6C /* IntakeDayDataPicker.swift in Sources */,
				9D395166270A0CFF009E7F40 /* CodableColor.swift in Sources */,
				9D46BBEE2714D50A00DB9149 /* CustomDrinkTypeView.swift in Sources */,
				9DA8D6ED26E7BCDF00FEEC6C /* DrinkModel.swift in Sources */,
				9D46BBEA2714D1D300DB9149 /* OnboardingToggleDrinksView.swift in Sources */,
				9D46BBE42714C1C500DB9149 /* OnboardingDailyGoalView.swift in Sources */,
				9D4B983B279783AE0068A486 /* ViewIntake.intentdefinition in Sources */,
				9D48B3AC26E6635000FEFE49 /* IntakeCircularProgressBar.swift in Sources */,
				9D99981B26E7B09000A46E78 /* DataLogsView.swift in Sources */,
				9D1E701626EC0B6B00080B50 /* IntakeSingleDrinkBreakup.swift in Sources */,
				9D48B3BC26E675A200FEFE49 /* SettingsView.swift in Sources */,
				9D48B3B226E6719100FEFE49 /* RectangleCard.swift in Sources */,
				9D48B3BE26E68CD100FEFE49 /* SettingsDailyGoalView.swift in Sources */,
				9D46BBE02714B0BE00DB9149 /* OnboardingWelcomeView.swift in Sources */,
				9D48B3AE26E667FE00FEFE49 /* IntakeCircularProgressBarHighlight.swift in Sources */,
				9D395164270A038A009E7F40 /* SettingsDrinkTypeView.swift in Sources */,
				9D215F0327108124000F9BED /* SettingsEditCustomTypeView.swift in Sources */,
				9D1C3BB626E8012600D03771 /* DrinkData.swift in Sources */,
				9D27485426FA696F00F016D8 /* WeekLogView.swift in Sources */,
				9D25E57726EAAEAF00A9CDC8 /* IntakeWeekDataPicker.swift in Sources */,
				9D48B3B826E6752C00FEFE49 /* TabBar.swift in Sources */,
				9D46BBE62714C58300DB9149 /* DailyIntakeInfoView.swift in Sources */,
				9DA8D6E826E7BBC500FEEC6C /* Drink.swift in Sources */,
				9D935BED26ED0B1500CA9C31 /* HealthStore.swift in Sources */,
				9D7696C32710C51000B6D68C /* SettingsEditDefaultTypeView.swift in Sources */,
			);
			runOnlyForDeploymentPostprocessing = 0;
		};
/* End PBXSourcesBuildPhase section */

/* Begin PBXTargetDependency section */
		9D0309DD279329D00034526D /* PBXTargetDependency */ = {
			isa = PBXTargetDependency;
			target = 9D0309D0279329CD0034526D /* IntakeWidgetExtension */;
			targetProxy = 9D0309DC279329D00034526D /* PBXContainerItemProxy */;
		};
		9D263EB6279CBA260084FE2E /* PBXTargetDependency */ = {
			isa = PBXTargetDependency;
			target = 9D263E9E279CBA260084FE2E /* ViewIntakeIntent */;
			targetProxy = 9D263EB5279CBA260084FE2E /* PBXContainerItemProxy */;
		};
/* End PBXTargetDependency section */

/* Begin XCBuildConfiguration section */
		9D0309E0279329D00034526D /* Debug */ = {
			isa = XCBuildConfiguration;
			buildSettings = {
				ASSETCATALOG_COMPILER_GLOBAL_ACCENT_COLOR_NAME = AccentColor;
				ASSETCATALOG_COMPILER_WIDGET_BACKGROUND_COLOR_NAME = WidgetBackground;
				CLANG_CXX_LANGUAGE_STANDARD = "gnu++17";
				CODE_SIGN_ENTITLEMENTS = IntakeWidgetExtension.entitlements;
				CODE_SIGN_STYLE = Automatic;
				CURRENT_PROJECT_VERSION = 1;
				DEVELOPMENT_TEAM = 6DS9W86UXV;
				GENERATE_INFOPLIST_FILE = YES;
				INFOPLIST_FILE = IntakeWidget/Info.plist;
				INFOPLIST_KEY_CFBundleDisplayName = IntakeWidget;
				INFOPLIST_KEY_NSHumanReadableCopyright = "";
				IPHONEOS_DEPLOYMENT_TARGET = 15.2;
				LD_RUNPATH_SEARCH_PATHS = (
					"$(inherited)",
					"@executable_path/Frameworks",
					"@executable_path/../../Frameworks",
				);
				MARKETING_VERSION = 1.0;
				PRODUCT_BUNDLE_IDENTIFIER = com.cengelbart.Liquidus.IntakeWidget;
				PRODUCT_NAME = "$(TARGET_NAME)";
				SKIP_INSTALL = YES;
				SWIFT_EMIT_LOC_STRINGS = YES;
				SWIFT_VERSION = 5.0;
				TARGETED_DEVICE_FAMILY = "1,2";
			};
			name = Debug;
		};
		9D0309E1279329D00034526D /* Release */ = {
			isa = XCBuildConfiguration;
			buildSettings = {
				ASSETCATALOG_COMPILER_GLOBAL_ACCENT_COLOR_NAME = AccentColor;
				ASSETCATALOG_COMPILER_WIDGET_BACKGROUND_COLOR_NAME = WidgetBackground;
				CLANG_CXX_LANGUAGE_STANDARD = "gnu++17";
				CODE_SIGN_ENTITLEMENTS = IntakeWidgetExtension.entitlements;
				CODE_SIGN_STYLE = Automatic;
				CURRENT_PROJECT_VERSION = 1;
				DEVELOPMENT_TEAM = 6DS9W86UXV;
				GENERATE_INFOPLIST_FILE = YES;
				INFOPLIST_FILE = IntakeWidget/Info.plist;
				INFOPLIST_KEY_CFBundleDisplayName = IntakeWidget;
				INFOPLIST_KEY_NSHumanReadableCopyright = "";
				IPHONEOS_DEPLOYMENT_TARGET = 15.2;
				LD_RUNPATH_SEARCH_PATHS = (
					"$(inherited)",
					"@executable_path/Frameworks",
					"@executable_path/../../Frameworks",
				);
				MARKETING_VERSION = 1.0;
				PRODUCT_BUNDLE_IDENTIFIER = com.cengelbart.Liquidus.IntakeWidget;
				PRODUCT_NAME = "$(TARGET_NAME)";
				SKIP_INSTALL = YES;
				SWIFT_EMIT_LOC_STRINGS = YES;
				SWIFT_VERSION = 5.0;
				TARGETED_DEVICE_FAMILY = "1,2";
			};
			name = Release;
		};
		9D263EB8279CBA260084FE2E /* Debug */ = {
			isa = XCBuildConfiguration;
			buildSettings = {
				CLANG_CXX_LANGUAGE_STANDARD = "gnu++17";
				CODE_SIGN_ENTITLEMENTS = ViewIntakeIntent/ViewIntakeIntent.entitlements;
				CODE_SIGN_STYLE = Automatic;
				CURRENT_PROJECT_VERSION = 1;
				DEVELOPMENT_TEAM = 6DS9W86UXV;
				GENERATE_INFOPLIST_FILE = YES;
				INFOPLIST_FILE = ViewIntakeIntent/Info.plist;
				INFOPLIST_KEY_CFBundleDisplayName = ViewIntakeIntent;
				INFOPLIST_KEY_NSHumanReadableCopyright = "";
				IPHONEOS_DEPLOYMENT_TARGET = 15.2;
				LD_RUNPATH_SEARCH_PATHS = (
					"$(inherited)",
					"@executable_path/Frameworks",
					"@executable_path/../../Frameworks",
				);
				MARKETING_VERSION = 1.0;
				PRODUCT_BUNDLE_IDENTIFIER = com.cengelbart.Liquidus.ViewIntakeIntent;
				PRODUCT_NAME = "$(TARGET_NAME)";
				SKIP_INSTALL = YES;
				SWIFT_EMIT_LOC_STRINGS = YES;
				SWIFT_VERSION = 5.0;
				TARGETED_DEVICE_FAMILY = "1,2";
			};
			name = Debug;
		};
		9D263EB9279CBA260084FE2E /* Release */ = {
			isa = XCBuildConfiguration;
			buildSettings = {
				CLANG_CXX_LANGUAGE_STANDARD = "gnu++17";
				CODE_SIGN_ENTITLEMENTS = ViewIntakeIntent/ViewIntakeIntent.entitlements;
				CODE_SIGN_STYLE = Automatic;
				CURRENT_PROJECT_VERSION = 1;
				DEVELOPMENT_TEAM = 6DS9W86UXV;
				GENERATE_INFOPLIST_FILE = YES;
				INFOPLIST_FILE = ViewIntakeIntent/Info.plist;
				INFOPLIST_KEY_CFBundleDisplayName = ViewIntakeIntent;
				INFOPLIST_KEY_NSHumanReadableCopyright = "";
				IPHONEOS_DEPLOYMENT_TARGET = 15.2;
				LD_RUNPATH_SEARCH_PATHS = (
					"$(inherited)",
					"@executable_path/Frameworks",
					"@executable_path/../../Frameworks",
				);
				MARKETING_VERSION = 1.0;
				PRODUCT_BUNDLE_IDENTIFIER = com.cengelbart.Liquidus.ViewIntakeIntent;
				PRODUCT_NAME = "$(TARGET_NAME)";
				SKIP_INSTALL = YES;
				SWIFT_EMIT_LOC_STRINGS = YES;
				SWIFT_VERSION = 5.0;
				TARGETED_DEVICE_FAMILY = "1,2";
			};
			name = Release;
		};
		9D48B3A426E65E2F00FEFE49 /* Debug */ = {
			isa = XCBuildConfiguration;
			buildSettings = {
				ALWAYS_SEARCH_USER_PATHS = NO;
				CLANG_ANALYZER_NONNULL = YES;
				CLANG_ANALYZER_NUMBER_OBJECT_CONVERSION = YES_AGGRESSIVE;
				CLANG_CXX_LANGUAGE_STANDARD = "gnu++14";
				CLANG_CXX_LIBRARY = "libc++";
				CLANG_ENABLE_MODULES = YES;
				CLANG_ENABLE_OBJC_ARC = YES;
				CLANG_ENABLE_OBJC_WEAK = YES;
				CLANG_WARN_BLOCK_CAPTURE_AUTORELEASING = YES;
				CLANG_WARN_BOOL_CONVERSION = YES;
				CLANG_WARN_COMMA = YES;
				CLANG_WARN_CONSTANT_CONVERSION = YES;
				CLANG_WARN_DEPRECATED_OBJC_IMPLEMENTATIONS = YES;
				CLANG_WARN_DIRECT_OBJC_ISA_USAGE = YES_ERROR;
				CLANG_WARN_DOCUMENTATION_COMMENTS = YES;
				CLANG_WARN_EMPTY_BODY = YES;
				CLANG_WARN_ENUM_CONVERSION = YES;
				CLANG_WARN_INFINITE_RECURSION = YES;
				CLANG_WARN_INT_CONVERSION = YES;
				CLANG_WARN_NON_LITERAL_NULL_CONVERSION = YES;
				CLANG_WARN_OBJC_IMPLICIT_RETAIN_SELF = YES;
				CLANG_WARN_OBJC_LITERAL_CONVERSION = YES;
				CLANG_WARN_OBJC_ROOT_CLASS = YES_ERROR;
				CLANG_WARN_QUOTED_INCLUDE_IN_FRAMEWORK_HEADER = YES;
				CLANG_WARN_RANGE_LOOP_ANALYSIS = YES;
				CLANG_WARN_STRICT_PROTOTYPES = YES;
				CLANG_WARN_SUSPICIOUS_MOVE = YES;
				CLANG_WARN_UNGUARDED_AVAILABILITY = YES_AGGRESSIVE;
				CLANG_WARN_UNREACHABLE_CODE = YES;
				CLANG_WARN__DUPLICATE_METHOD_MATCH = YES;
				COPY_PHASE_STRIP = NO;
				DEBUG_INFORMATION_FORMAT = dwarf;
				ENABLE_STRICT_OBJC_MSGSEND = YES;
				ENABLE_TESTABILITY = YES;
				GCC_C_LANGUAGE_STANDARD = gnu11;
				GCC_DYNAMIC_NO_PIC = NO;
				GCC_NO_COMMON_BLOCKS = YES;
				GCC_OPTIMIZATION_LEVEL = 0;
				GCC_PREPROCESSOR_DEFINITIONS = (
					"DEBUG=1",
					"$(inherited)",
				);
				GCC_WARN_64_TO_32_BIT_CONVERSION = YES;
				GCC_WARN_ABOUT_RETURN_TYPE = YES_ERROR;
				GCC_WARN_UNDECLARED_SELECTOR = YES;
				GCC_WARN_UNINITIALIZED_AUTOS = YES_AGGRESSIVE;
				GCC_WARN_UNUSED_FUNCTION = YES;
				GCC_WARN_UNUSED_VARIABLE = YES;
				IPHONEOS_DEPLOYMENT_TARGET = 14.5;
				MTL_ENABLE_DEBUG_INFO = INCLUDE_SOURCE;
				MTL_FAST_MATH = YES;
				ONLY_ACTIVE_ARCH = YES;
				SDKROOT = iphoneos;
				SWIFT_ACTIVE_COMPILATION_CONDITIONS = DEBUG;
				SWIFT_OPTIMIZATION_LEVEL = "-Onone";
			};
			name = Debug;
		};
		9D48B3A526E65E2F00FEFE49 /* Release */ = {
			isa = XCBuildConfiguration;
			buildSettings = {
				ALWAYS_SEARCH_USER_PATHS = NO;
				CLANG_ANALYZER_NONNULL = YES;
				CLANG_ANALYZER_NUMBER_OBJECT_CONVERSION = YES_AGGRESSIVE;
				CLANG_CXX_LANGUAGE_STANDARD = "gnu++14";
				CLANG_CXX_LIBRARY = "libc++";
				CLANG_ENABLE_MODULES = YES;
				CLANG_ENABLE_OBJC_ARC = YES;
				CLANG_ENABLE_OBJC_WEAK = YES;
				CLANG_WARN_BLOCK_CAPTURE_AUTORELEASING = YES;
				CLANG_WARN_BOOL_CONVERSION = YES;
				CLANG_WARN_COMMA = YES;
				CLANG_WARN_CONSTANT_CONVERSION = YES;
				CLANG_WARN_DEPRECATED_OBJC_IMPLEMENTATIONS = YES;
				CLANG_WARN_DIRECT_OBJC_ISA_USAGE = YES_ERROR;
				CLANG_WARN_DOCUMENTATION_COMMENTS = YES;
				CLANG_WARN_EMPTY_BODY = YES;
				CLANG_WARN_ENUM_CONVERSION = YES;
				CLANG_WARN_INFINITE_RECURSION = YES;
				CLANG_WARN_INT_CONVERSION = YES;
				CLANG_WARN_NON_LITERAL_NULL_CONVERSION = YES;
				CLANG_WARN_OBJC_IMPLICIT_RETAIN_SELF = YES;
				CLANG_WARN_OBJC_LITERAL_CONVERSION = YES;
				CLANG_WARN_OBJC_ROOT_CLASS = YES_ERROR;
				CLANG_WARN_QUOTED_INCLUDE_IN_FRAMEWORK_HEADER = YES;
				CLANG_WARN_RANGE_LOOP_ANALYSIS = YES;
				CLANG_WARN_STRICT_PROTOTYPES = YES;
				CLANG_WARN_SUSPICIOUS_MOVE = YES;
				CLANG_WARN_UNGUARDED_AVAILABILITY = YES_AGGRESSIVE;
				CLANG_WARN_UNREACHABLE_CODE = YES;
				CLANG_WARN__DUPLICATE_METHOD_MATCH = YES;
				COPY_PHASE_STRIP = NO;
				DEBUG_INFORMATION_FORMAT = "dwarf-with-dsym";
				ENABLE_NS_ASSERTIONS = NO;
				ENABLE_STRICT_OBJC_MSGSEND = YES;
				GCC_C_LANGUAGE_STANDARD = gnu11;
				GCC_NO_COMMON_BLOCKS = YES;
				GCC_WARN_64_TO_32_BIT_CONVERSION = YES;
				GCC_WARN_ABOUT_RETURN_TYPE = YES_ERROR;
				GCC_WARN_UNDECLARED_SELECTOR = YES;
				GCC_WARN_UNINITIALIZED_AUTOS = YES_AGGRESSIVE;
				GCC_WARN_UNUSED_FUNCTION = YES;
				GCC_WARN_UNUSED_VARIABLE = YES;
				IPHONEOS_DEPLOYMENT_TARGET = 14.5;
				MTL_ENABLE_DEBUG_INFO = NO;
				MTL_FAST_MATH = YES;
				SDKROOT = iphoneos;
				SWIFT_COMPILATION_MODE = wholemodule;
				SWIFT_OPTIMIZATION_LEVEL = "-O";
				VALIDATE_PRODUCT = YES;
			};
			name = Release;
		};
		9D48B3A726E65E2F00FEFE49 /* Debug */ = {
			isa = XCBuildConfiguration;
			buildSettings = {
				ALWAYS_EMBED_SWIFT_STANDARD_LIBRARIES = YES;
				ASSETCATALOG_COMPILER_APPICON_NAME = AppIcon;
				ASSETCATALOG_COMPILER_GLOBAL_ACCENT_COLOR_NAME = AccentColor;
				CODE_SIGN_ENTITLEMENTS = Liquidus/Liquidus.entitlements;
				CODE_SIGN_STYLE = Automatic;
				DEVELOPMENT_ASSET_PATHS = "\"Liquidus/Preview Content\"";
				DEVELOPMENT_TEAM = 6DS9W86UXV;
				ENABLE_PREVIEWS = YES;
				INFOPLIST_FILE = Liquidus/Info.plist;
				IPHONEOS_DEPLOYMENT_TARGET = 15.0;
				LD_RUNPATH_SEARCH_PATHS = (
					"$(inherited)",
					"@executable_path/Frameworks",
				);
				PRODUCT_BUNDLE_IDENTIFIER = com.cengelbart.Liquidus;
				PRODUCT_NAME = "$(TARGET_NAME)";
				SWIFT_VERSION = 5.0;
				TARGETED_DEVICE_FAMILY = "1,2";
			};
			name = Debug;
		};
		9D48B3A826E65E2F00FEFE49 /* Release */ = {
			isa = XCBuildConfiguration;
			buildSettings = {
				ALWAYS_EMBED_SWIFT_STANDARD_LIBRARIES = YES;
				ASSETCATALOG_COMPILER_APPICON_NAME = AppIcon;
				ASSETCATALOG_COMPILER_GLOBAL_ACCENT_COLOR_NAME = AccentColor;
				CODE_SIGN_ENTITLEMENTS = Liquidus/Liquidus.entitlements;
				CODE_SIGN_STYLE = Automatic;
				DEVELOPMENT_ASSET_PATHS = "\"Liquidus/Preview Content\"";
				DEVELOPMENT_TEAM = 6DS9W86UXV;
				ENABLE_PREVIEWS = YES;
				INFOPLIST_FILE = Liquidus/Info.plist;
				IPHONEOS_DEPLOYMENT_TARGET = 15.0;
				LD_RUNPATH_SEARCH_PATHS = (
					"$(inherited)",
					"@executable_path/Frameworks",
				);
				PRODUCT_BUNDLE_IDENTIFIER = com.cengelbart.Liquidus;
				PRODUCT_NAME = "$(TARGET_NAME)";
				SWIFT_VERSION = 5.0;
				TARGETED_DEVICE_FAMILY = "1,2";
			};
			name = Release;
		};
/* End XCBuildConfiguration section */

/* Begin XCConfigurationList section */
		9D0309E2279329D00034526D /* Build configuration list for PBXNativeTarget "IntakeWidgetExtension" */ = {
			isa = XCConfigurationList;
			buildConfigurations = (
				9D0309E0279329D00034526D /* Debug */,
				9D0309E1279329D00034526D /* Release */,
			);
			defaultConfigurationIsVisible = 0;
			defaultConfigurationName = Release;
		};
		9D263EBD279CBA260084FE2E /* Build configuration list for PBXNativeTarget "ViewIntakeIntent" */ = {
			isa = XCConfigurationList;
			buildConfigurations = (
				9D263EB8279CBA260084FE2E /* Debug */,
				9D263EB9279CBA260084FE2E /* Release */,
			);
			defaultConfigurationIsVisible = 0;
			defaultConfigurationName = Release;
		};
		9D48B39226E65E2C00FEFE49 /* Build configuration list for PBXProject "Liquidus" */ = {
			isa = XCConfigurationList;
			buildConfigurations = (
				9D48B3A426E65E2F00FEFE49 /* Debug */,
				9D48B3A526E65E2F00FEFE49 /* Release */,
			);
			defaultConfigurationIsVisible = 0;
			defaultConfigurationName = Release;
		};
		9D48B3A626E65E2F00FEFE49 /* Build configuration list for PBXNativeTarget "Liquidus" */ = {
			isa = XCConfigurationList;
			buildConfigurations = (
				9D48B3A726E65E2F00FEFE49 /* Debug */,
				9D48B3A826E65E2F00FEFE49 /* Release */,
			);
			defaultConfigurationIsVisible = 0;
			defaultConfigurationName = Release;
		};
/* End XCConfigurationList section */
	};
	rootObject = 9D48B38F26E65E2C00FEFE49 /* Project object */;
}
